# This file was autogenerated by Stack.
# You should not edit this file by hand.
# For more information, please see the documentation at:
#   https://docs.haskellstack.org/en/stable/lock_files

packages:
- completed:
    hackage: WEditor-0.2.1.1@sha256:c03c66cc9d022489dc3f0b9d37ac0bf8c56c11ac1d11ec43eb83a8cac7720af3,3155
    pantry-tree:
      size: 3411
      sha256: 39fcb59c8a09b1dd0f26d6f3fb6721ba5b4021807e712d702929d229b4fe503b
  original:
    hackage: WEditor-0.2.1.1
- completed:
    hackage: WEditorBrick-0.2.0.1@sha256:9debcec759592c24da8a203bedf5c22a48d12d5b1386ddf44a4ce22bdb69dfd5,1907
    pantry-tree:
      size: 345
      sha256: 3137d14a0180683959d9418b6270d17ae6453b4075b705befc04c1fcdb6bff62
  original:
    hackage: WEditorBrick-0.2.0.1
snapshots:
- completed:
    size: 586268
    url: https://raw.githubusercontent.com/commercialhaskell/stackage-snapshots/master/lts/18/13.yaml
    sha256: d9e658a22cfe8d87a64fdf219885f942fef5fe2bcb156a9800174911c5da2443
  original: lts-18.13
